%{
  "decimal": {:hex, :decimal, "2.0.0", "a78296e617b0f5dd4c6caf57c714431347912ffb1d0842e998e9792b5642d697", [:mix], [], "hexpm", "34666e9c55dea81013e77d9d87370fe6cb6291d1ef32f46a1600230b1d44f577"},
  "earmark": {:hex, :earmark, "1.3.1", "73812f447f7a42358d3ba79283cfa3075a7580a3a2ed457616d6517ac3738cb9", [:mix], [], "hexpm", "000aaeff08919e95e7aea13e4af7b2b9734577b3e6a7c50ee31ee88cab6ec4fb"},
  "ecto": {:hex, :ecto, "3.7.1", "a20598862351b29f80f285b21ec5297da1181c0442687f9b8329f0445d228892", [:mix], [{:decimal, "~> 1.6 or ~> 2.0", [hex: :decimal, repo: "hexpm", optional: false]}, {:jason, "~> 1.0", [hex: :jason, repo: "hexpm", optional: true]}, {:telemetry, "~> 0.4 or ~> 1.0", [hex: :telemetry, repo: "hexpm", optional: false]}], "hexpm", "d36e5b39fc479e654cffd4dbe1865d9716e4a9b6311faff799b6f90ab81b8638"},
  "ex_doc": {:hex, :ex_doc, "0.19.2", "6f4081ccd9ed081b6dc0bd5af97a41e87f5554de469e7d76025fba535180565f", [:mix], [{:earmark, "~> 1.2", [hex: :earmark, repo: "hexpm", optional: false]}, {:makeup_elixir, "~> 0.10", [hex: :makeup_elixir, repo: "hexpm", optional: false]}], "hexpm", "4eae888633d2937e0a8839ae6002536d459c22976743c9dc98dd05941a06c016"},
  "makeup": {:hex, :makeup, "0.7.0", "31ff28c5a4037380685415972ccb66ca157da5d87b2f3901c4cb31a7c0f21f40", [:mix], [{:nimble_parsec, "~> 0.5.0", [hex: :nimble_parsec, repo: "hexpm", optional: false]}], "hexpm", "9e39f8a3edb8d2c7b35c8645fc4abfeb2f351991d5d999a0cf11114e2370e562"},
  "makeup_elixir": {:hex, :makeup_elixir, "0.12.0", "498c9c80c1ff84bc161440e7aa89458d2093090e774e9f235de54ce09a7d383a", [:mix], [{:makeup, "~> 0.7", [hex: :makeup, repo: "hexpm", optional: false]}], "hexpm", "3154830eed310e6d8c7f26f5b53a6696e84c5bc82d1e06f866b767d472a2c341"},
  "nimble_parsec": {:hex, :nimble_parsec, "0.5.0", "90e2eca3d0266e5c53f8fbe0079694740b9c91b6747f2b7e3c5d21966bba8300", [:mix], [], "hexpm", "5c040b8469c1ff1b10093d3186e2e10dbe483cd73d79ec017993fb3985b8a9b3"},
  "poolboy": {:hex, :poolboy, "1.5.1", "6b46163901cfd0a1b43d692657ed9d7e599853b3b21b95ae5ae0a777cf9b6ca8", [], [], "hexpm"},
  "telemetry": {:hex, :telemetry, "1.0.0", "0f453a102cdf13d506b7c0ab158324c337c41f1cc7548f0bc0e130bbf0ae9452", [:rebar3], [], "hexpm", "73bc09fa59b4a0284efb4624335583c528e07ec9ae76aca96ea0673850aec57a"},
}
